
Microsoft Visual Studio Solution File, Format Version 12.00
# Visual Studio Version 17
VisualStudioVersion = 17.0.32014.148
MinimumVisualStudioVersion = 10.0.40219.1
Project("{FAE04EC0-301F-11D3-BF4B-00C04F79EFBC}") = "ZakladKarnyKomponent", "ZakladKarnyKomponent\ZakladKarnyKomponent.csproj", "{8881A383-A42C-475F-9386-44EFF9BC7A07}"
EndProject
Global
	GlobalSection(SolutionConfigurationPlatforms) = preSolution
		Debug|Any CPU = Debug|Any CPU
		Release|Any CPU = Release|Any CPU
	EndGlobalSection
	GlobalSection(ProjectConfigurationPlatforms) = postSolution
		{8881A383-A42C-475F-9386-44EFF9BC7A07}.Debug|Any CPU.ActiveCfg = Debug|Any CPU
		{8881A383-A42C-475F-9386-44EFF9BC7A07}.Debug|Any CPU.Build.0 = Debug|Any CPU
		{8881A383-A42C-475F-9386-44EFF9BC7A07}.Release|Any CPU.ActiveCfg = Release|Any CPU
		{8881A383-A42C-475F-9386-44EFF9BC7A07}.Release|Any CPU.Build.0 = Release|Any CPU
	EndGlobalSection
	GlobalSection(SolutionProperties) = preSolution
		HideSolutionNode = FALSE
	EndGlobalSection
	GlobalSection(ExtensibilityGlobals) = postSolution
		SolutionGuid = {CB70CC80-BF0F-47D5-99EA-638495C5ED14}
	EndGlobalSection
EndGlobal
